lockfileVersion: '9.0'

settings:
  autoInstallPeers: true
  excludeLinksFromLockfile: false

importers:

  .:
    dependencies:
      '@heroicons/react':
        specifier: ^2.2.0
        version: 2.2.0(react@19.1.0)
      clsx:
        specifier: ^2.1.1
        version: 2.1.1
      openapi-fetch:
        specifier: ^0.13.5
        version: 0.13.5
    devDependencies:
      '@biomejs/biome':
        specifier: 2.0.0-beta.1
        version: 2.0.0-beta.1
      '@rsbuild/core':
        specifier: 1.3.4
        version: 1.3.4
      '@rsbuild/plugin-react':
        specifier: 1.1.1
        version: 1.1.1(@rsbuild/core@1.3.4)
      '@tailwindcss/postcss':
        specifier: 4.1.3
        version: 4.1.3
      '@tanstack/react-query':
        specifier: 5.72.0
        version: 5.72.0(react@19.1.0)
      '@types/react':
        specifier: 19.1.0
        version: 19.1.0
      '@types/react-dom':
        specifier: 19.1.1
        version: 19.1.1(@types/react@19.1.0)
      daisyui:
        specifier: 5.0.14
        version: 5.0.14
      mpegts.js:
        specifier: 1.8.0
        version: 1.8.0
      openapi-react-query:
        specifier: 0.3.1
        version: 0.3.1(@tanstack/react-query@5.72.0(react@19.1.0))(openapi-fetch@0.13.5)
      openapi-typescript:
        specifier: 7.6.1
        version: 7.6.1(typescript@5.8.3)
      react:
        specifier: 19.1.0
        version: 19.1.0
      react-dom:
        specifier: 19.1.0
        version: 19.1.0(react@19.1.0)
      tailwindcss:
        specifier: 4.1.3
        version: 4.1.3
      typescript:
        specifier: 5.8.3
        version: 5.8.3

packages:

  '@alloc/quick-lru@5.2.0':
    resolution: {integrity: sha512-UrcABB+4bUrFABwbluTIBErXwvbsU/V7TZWfmbgJfbkwiBuziS9gxdODUyuiecfdGQ85jglMW6juS3+z5TsKLw==}
    engines: {node: '>=10'}

  '@babel/code-frame@7.26.2':
    resolution: {integrity: sha512-RJlIHRueQgwWitWgF8OdFYGZX328Ax5BCemNGlqHfplnRT9ESi8JkFlvaVYbS+UubVY6dpv87Fs2u5M29iNFVQ==}
    engines: {node: '>=6.9.0'}

  '@babel/helper-validator-identifier@7.25.9':
    resolution: {integrity: sha512-Ed61U6XJc3CVRfkERJWDz4dJwKe7iLmmJsbOGu9wSloNSFttHV0I8g6UAgb7qnK5ly5bGLPd4oXZlxCdANBOWQ==}
    engines: {node: '>=6.9.0'}

  '@biomejs/biome@2.0.0-beta.1':
    resolution: {integrity: sha512-MqRoy9CbTkrS45zW+S4u8p4kQUIFx0mGUWi789W1R3b1kXYIudEqsTKgXKtTGsI0kWOlvnjuKqwTrabjaGchhQ==}
    engines: {node: '>=14.21.3'}
    hasBin: true

  '@biomejs/cli-darwin-arm64@2.0.0-beta.1':
    resolution: {integrity: sha512-RaGmpNLl5NFooXaoCwvgvcuU6Am/rMZ3R48pQeCVxjrCcz1BIlKLTai5UosiedazW7JbXAvgXdSNizYG7ITlAQ==}
    engines: {node: '>=14.21.3'}
    cpu: [arm64]
    os: [darwin]

  '@biomejs/cli-darwin-x64@2.0.0-beta.1':
    resolution: {integrity: sha512-sTzSshkne7HKZFNfiIhmAji7gjtCBXvkTujZELCZWIZC7oj1Tjw/gvAzbdFj2UyHd5/i90pND4ybFOLQZm9gpg==}
    engines: {node: '>=14.21.3'}
    cpu: [x64]
    os: [darwin]

  '@biomejs/cli-linux-arm64-musl@2.0.0-beta.1':
    resolution: {integrity: sha512-0MPUKzz9uBBxAYSJ+OlFi4+yGwiRcZeFqq39H0MxXCQ9MMpKJFH2Ek72fw8sXwG7Prn7EsW/3u1b7najyn1XGQ==}
    engines: {node: '>=14.21.3'}
    cpu: [arm64]
    os: [linux]

  '@biomejs/cli-linux-arm64@2.0.0-beta.1':
    resolution: {integrity: sha512-bxce2O4nooBmp20Ey0+IFIZyy/b0RVnciIQk9euCfAi9evq7SvFtMBYo3YUZej0KIvrau5H7tJk5OqmRJk2l+g==}
    engines: {node: '>=14.21.3'}
    cpu: [arm64]
    os: [linux]

  '@biomejs/cli-linux-x64-musl@2.0.0-beta.1':
    resolution: {integrity: sha512-dFvisnP1hFpVILNw0PZfs8piBwe8+aykO04Tb/4AJDVVzKkGgJfwSefwo4jqzO/Wk/Zruvhcp1nKbjgRXM+vDg==}
    engines: {node: '>=14.21.3'}
    cpu: [x64]
    os: [linux]

  '@biomejs/cli-linux-x64@2.0.0-beta.1':
    resolution: {integrity: sha512-6P/AtJv4hOH8mu8ez0c4UInUpiet9NEoF25+O7OPyb4w6ZHJMp2qzvayJS7TKrTQzE5KUvSiNsACGRz34DzUkg==}
    engines: {node: '>=14.21.3'}
    cpu: [x64]
    os: [linux]

  '@biomejs/cli-win32-arm64@2.0.0-beta.1':
    resolution: {integrity: sha512-0C9YSqWHf2cJGnjKDbLi49xv6H9IfqbDsFav7X557PqwY64O6IKWqcmZzi/PkDFHjQM9opU6uhKapeGKGDxziQ==}
    engines: {node: '>=14.21.3'}
    cpu: [arm64]
    os: [win32]

  '@biomejs/cli-win32-x64@2.0.0-beta.1':
    resolution: {integrity: sha512-o8W6+DX0YRjt1kS8Y3ismq6EkjwiVDv7X0TEpfnFywoVG8HoJ7G7/m9r8LM1yE46WI3maPH2A0MoVpQ1ZNG++A==}
    engines: {node: '>=14.21.3'}
    cpu: [x64]
    os: [win32]

  '@heroicons/react@2.2.0':
    resolution: {integrity: sha512-LMcepvRaS9LYHJGsF0zzmgKCUim/X3N/DQKc4jepAXJ7l8QxJ1PmxJzqplF2Z3FE4PqBAIGyJAQ/w4B5dsqbtQ==}
    peerDependencies:
      react: '>= 16 || ^19.0.0-rc'

  '@module-federation/error-codes@0.11.2':
    resolution: {integrity: sha512-ik1Qnn0I+WyEdprTck9WGlH41vGsVdUg8cfO+ZM02qOb2cZm5Vu3SlxGAobj6g7uAj0g8yINnd7h7Dci40BxQA==}

  '@module-federation/runtime-core@0.11.2':
    resolution: {integrity: sha512-dia5kKybi6MFU0s5PgglJwN27k7n9Sf69Cy5xZ4BWaP0qlaXTsxHKO0PECHNt2Pt8jDdyU29sQ4DwAQfxpnXJQ==}

  '@module-federation/runtime-tools@0.11.2':
    resolution: {integrity: sha512-4MJTGAxVq6vxQRkTtTlH7Mm9AVqgn0X9kdu+7RsL7T/qU+jeYsbrntN2CWG3GVVA8r5JddXyTI1iJ0VXQZLV1w==}

  '@module-federation/runtime@0.11.2':
    resolution: {integrity: sha512-Ya9u/L6z2LvhgpqxuKCB7LcigIIRf1BbaxAZIH7mzbq/A7rZtTP7v+73E433jvgiAlbAfPSZkeoYGele6hfRwA==}

  '@module-federation/sdk@0.11.2':
    resolution: {integrity: sha512-SBFe5xOamluT900J4AGBx+2/kCH/JbfqXoUwPSAC6PRzb8Y7LB0posnOGzmqYsLZXT37vp3d6AmJDsVoajDqxw==}

  '@module-federation/webpack-bundler-runtime@0.11.2':
    resolution: {integrity: sha512-WdwIE6QF+MKs/PdVu0cKPETF743JB9PZ62/qf7Uo3gU4fjsUMc37RnbJZ/qB60EaHHfjwp1v6NnhZw1r4eVsnw==}

  '@redocly/ajv@8.11.2':
    resolution: {integrity: sha512-io1JpnwtIcvojV7QKDUSIuMN/ikdOUd1ReEnUnMKGfDVridQZ31J0MmIuqwuRjWDZfmvr+Q0MqCcfHM2gTivOg==}

  '@redocly/config@0.22.2':
    resolution: {integrity: sha512-roRDai8/zr2S9YfmzUfNhKjOF0NdcOIqF7bhf4MVC5UxpjIysDjyudvlAiVbpPHp3eDRWbdzUgtkK1a7YiDNyQ==}

  '@redocly/openapi-core@1.34.1':
    resolution: {integrity: sha512-KI1QOGvDk6oREbTu0JORxZX1NBxraXUbXczv0LYDs9EPp06coq874hQORqSHGEUV/DX2A6gjv4Ax33g/LFJBww==}
    engines: {node: '>=18.17.0', npm: '>=9.5.0'}

  '@rsbuild/core@1.3.4':
    resolution: {integrity: sha512-aYf56HZDkwhVicCeItFNjsEQSZC51X1yi01xBV4naNVCKUMxBAOriJyXZPdlHRntSvRQe1BjCao9cvXevwsRbw==}
    engines: {node: '>=16.7.0'}
    hasBin: true

  '@rsbuild/plugin-react@1.1.1':
    resolution: {integrity: sha512-gkATKrOQauXMMtrYA5jbTQkhmYTE0VXoknPLtVpiXtwDbBUwgX23LFf1XJ51YOwqYpP7g5SfPEMgD2FENtCq0A==}
    peerDependencies:
      '@rsbuild/core': 1.x

  '@rspack/binding-darwin-arm64@1.3.2':
    resolution: {integrity: sha512-oeZvdHCY3XML8U6npof3b7uNVmNMTIRccPe2IDHlV1zk1MPfBzgrKOKmo1V8kqI43xAWET7CpAX9C+TjDDcy/g==}
    cpu: [arm64]
    os: [darwin]

  '@rspack/binding-darwin-x64@1.3.2':
    resolution: {integrity: sha512-V1IKH3I0uEf4vjou158amWgpAUz9MgGiFU09LgZS/hz1jYMTCi3Z791EEL4Gz6iqAixIZxtw6aYeotjRJ4Kyqg==}
    cpu: [x64]
    os: [darwin]

  '@rspack/binding-linux-arm64-gnu@1.3.2':
    resolution: {integrity: sha512-nJzY+Ur6FxWM0xc+G2tY1TQu3s6qgolxXb5K2VLIDHSPqDAjqRc35ypQc9Tz3rUPb8HVh+X7YLIZxA0hE4eQOg==}
    cpu: [arm64]
    os: [linux]

  '@rspack/binding-linux-arm64-musl@1.3.2':
    resolution: {integrity: sha512-sRi77ccO/oOfyBNq3FgW2pDtXcgMzslLokOby8NpD/kv/SxtOE4ORoLZKzdJyGNh2WDPbtSwIDWPes2x4MKASQ==}
    cpu: [arm64]
    os: [linux]

  '@rspack/binding-linux-x64-gnu@1.3.2':
    resolution: {integrity: sha512-KnrFQUj6SKJFGXqJW9Kgdv+mRGcPCirQesuwXtW+9YejT6MzLRRdJ4NDQdfcmfLZK9+ap+l73bLXAyMiIBZiOw==}
    cpu: [x64]
    os: [linux]

  '@rspack/binding-linux-x64-musl@1.3.2':
    resolution: {integrity: sha512-ZcTl4LBgxp5Bfyu9x7NhYRAR4qWPwhhxzwXmiQ1ya7DsdqiYaiCr59dPQx7ZaExXckeHGly75B3aTn1II9Vexw==}
    cpu: [x64]
    os: [linux]

  '@rspack/binding-win32-arm64-msvc@1.3.2':
    resolution: {integrity: sha512-8volxqn9vps8XKj0DTRk/4d5TXL+vkaBRWF7CzzdfZYm/smvrdz2Iw7VmcACA7XaS41xqeTtrdq6CmaxC/4CFg==}
    cpu: [arm64]
    os: [win32]

  '@rspack/binding-win32-ia32-msvc@1.3.2':
    resolution: {integrity: sha512-jTIiV4pt62xK3qNqI88F8rM+ynM36UmbZ8CRFqXRHdC+Cx/dUmk83IGQr9DNvjM7we7BxUm3Shmi1f0KyZrBKw==}
    cpu: [ia32]
    os: [win32]

  '@rspack/binding-win32-x64-msvc@1.3.2':
    resolution: {integrity: sha512-DfQmL7LsqD7KEZv8/z0p6AkwQAGlv5fvl5X5z4bxyRc4JMvEPBxY8lW9iK5Hk66ECzERUI2HcQ0JbRD/e4oL8A==}
    cpu: [x64]
    os: [win32]

  '@rspack/binding@1.3.2':
    resolution: {integrity: sha512-QK+nHPDQGv16mBpJa5vULDrqDilgiFZ/BbGCZoCZRX373R9s0Doe6DBbty+RfTJwCsalF3r8X6MdWfy7UPu6Hw==}

  '@rspack/core@1.3.2':
    resolution: {integrity: sha512-QbEn1SkNW3b89KTlSkp6OHdvw3DhpL6tSdDhsOlldw3LoRBy4fx80Z9W9lmg+g+8DjTAs1Z1ysElEFtAN69AZg==}
    engines: {node: '>=16.0.0'}
    peerDependencies:
      '@rspack/tracing': ^1.x
      '@swc/helpers': '>=0.5.1'
    peerDependenciesMeta:
      '@rspack/tracing':
        optional: true
      '@swc/helpers':
        optional: true

  '@rspack/lite-tapable@1.0.1':
    resolution: {integrity: sha512-VynGOEsVw2s8TAlLf/uESfrgfrq2+rcXB1muPJYBWbsm1Oa6r5qVQhjA5ggM6z/coYPrsVMgovl3Ff7Q7OCp1w==}
    engines: {node: '>=16.0.0'}

  '@rspack/plugin-react-refresh@1.0.3':
    resolution: {integrity: sha512-gGK197oIZaPFOTYZkWHZMWRdDlu03zIA3zcYuTKn5Ru6FyuQQu3KjprwDORTcYNHXZw188Exh3uhplM/d2ltIQ==}
    peerDependencies:
      react-refresh: '>=0.10.0 <1.0.0'
      webpack-hot-middleware: 2.x
    peerDependenciesMeta:
      webpack-hot-middleware:
        optional: true

  '@swc/helpers@0.5.15':
    resolution: {integrity: sha512-JQ5TuMi45Owi4/BIMAJBoSQoOJu12oOk/gADqlcUL9JEdHB8vyjUSsxqeNXnmXHjYKMi2WcYtezGEEhqUI/E2g==}

  '@tailwindcss/node@4.1.3':
    resolution: {integrity: sha512-H/6r6IPFJkCfBJZ2dKZiPJ7Ueb2wbL592+9bQEl2r73qbX6yGnmQVIfiUvDRB2YI0a3PWDrzUwkvQx1XW1bNkA==}

  '@tailwindcss/oxide-android-arm64@4.1.3':
    resolution: {integrity: sha512-cxklKjtNLwFl3mDYw4XpEfBY+G8ssSg9ADL4Wm6//5woi3XGqlxFsnV5Zb6v07dxw1NvEX2uoqsxO/zWQsgR+g==}
    engines: {node: '>= 10'}
    cpu: [arm64]
    os: [android]

  '@tailwindcss/oxide-darwin-arm64@4.1.3':
    resolution: {integrity: sha512-mqkf2tLR5VCrjBvuRDwzKNShRu99gCAVMkVsaEOFvv6cCjlEKXRecPu9DEnxp6STk5z+Vlbh1M5zY3nQCXMXhw==}
    engines: {node: '>= 10'}
    cpu: [arm64]
    os: [darwin]

  '@tailwindcss/oxide-darwin-x64@4.1.3':
    resolution: {integrity: sha512-7sGraGaWzXvCLyxrc7d+CCpUN3fYnkkcso3rCzwUmo/LteAl2ZGCDlGvDD8Y/1D3ngxT8KgDj1DSwOnNewKhmg==}
    engines: {node: '>= 10'}
    cpu: [x64]
    os: [darwin]

  '@tailwindcss/oxide-freebsd-x64@4.1.3':
    resolution: {integrity: sha512-E2+PbcbzIReaAYZe997wb9rId246yDkCwAakllAWSGqe6VTg9hHle67hfH6ExjpV2LSK/siRzBUs5wVff3RW9w==}
    engines: {node: '>= 10'}
    cpu: [x64]
    os: [freebsd]

  '@tailwindcss/oxide-linux-arm-gnueabihf@4.1.3':
    resolution: {integrity: sha512-GvfbJ8wjSSjbLFFE3UYz4Eh8i4L6GiEYqCtA8j2Zd2oXriPuom/Ah/64pg/szWycQpzRnbDiJozoxFU2oJZyfg==}
    engines: {node: '>= 10'}
    cpu: [arm]
    os: [linux]

  '@tailwindcss/oxide-linux-arm64-gnu@4.1.3':
    resolution: {integrity: sha512-35UkuCWQTeG9BHcBQXndDOrpsnt3Pj9NVIB4CgNiKmpG8GnCNXeMczkUpOoqcOhO6Cc/mM2W7kaQ/MTEENDDXg==}
    engines: {node: '>= 10'}
    cpu: [arm64]
    os: [linux]

  '@tailwindcss/oxide-linux-arm64-musl@4.1.3':
    resolution: {integrity: sha512-dm18aQiML5QCj9DQo7wMbt1Z2tl3Giht54uVR87a84X8qRtuXxUqnKQkRDK5B4bCOmcZ580lF9YcoMkbDYTXHQ==}
    engines: {node: '>= 10'}
    cpu: [arm64]
    os: [linux]

  '@tailwindcss/oxide-linux-x64-gnu@4.1.3':
    resolution: {integrity: sha512-LMdTmGe/NPtGOaOfV2HuO7w07jI3cflPrVq5CXl+2O93DCewADK0uW1ORNAcfu2YxDUS035eY2W38TxrsqngxA==}
    engines: {node: '>= 10'}
    cpu: [x64]
    os: [linux]

  '@tailwindcss/oxide-linux-x64-musl@4.1.3':
    resolution: {integrity: sha512-aalNWwIi54bbFEizwl1/XpmdDrOaCjRFQRgtbv9slWjmNPuJJTIKPHf5/XXDARc9CneW9FkSTqTbyvNecYAEGw==}
    engines: {node: '>= 10'}
    cpu: [x64]
    os: [linux]

  '@tailwindcss/oxide-win32-arm64-msvc@4.1.3':
    resolution: {integrity: sha512-PEj7XR4OGTGoboTIAdXicKuWl4EQIjKHKuR+bFy9oYN7CFZo0eu74+70O4XuERX4yjqVZGAkCdglBODlgqcCXg==}
    engines: {node: '>= 10'}
    cpu: [arm64]
    os: [win32]

  '@tailwindcss/oxide-win32-x64-msvc@4.1.3':
    resolution: {integrity: sha512-T8gfxECWDBENotpw3HR9SmNiHC9AOJdxs+woasRZ8Q/J4VHN0OMs7F+4yVNZ9EVN26Wv6mZbK0jv7eHYuLJLwA==}
    engines: {node: '>= 10'}
    cpu: [x64]
    os: [win32]

  '@tailwindcss/oxide@4.1.3':
    resolution: {integrity: sha512-t16lpHCU7LBxDe/8dCj9ntyNpXaSTAgxWm1u2XQP5NiIu4KGSyrDJJRlK9hJ4U9yJxx0UKCVI67MJWFNll5mOQ==}
    engines: {node: '>= 10'}

  '@tailwindcss/postcss@4.1.3':
    resolution: {integrity: sha512-6s5nJODm98F++QT49qn8xJKHQRamhYHfMi3X7/ltxiSQ9dyRsaFSfFkfaMsanWzf+TMYQtbk8mt5f6cCVXJwfg==}

  '@tanstack/query-core@5.72.0':
    resolution: {integrity: sha512-aa3p6Mou++JLLxxxVX9AB9uGeRIGc0JWkw96GASXuMG8K3D+JpYbSFcqXbkGFJ1eX2jKHPurmCBoO43RjjXJCA==}

  '@tanstack/react-query@5.72.0':
    resolution: {integrity: sha512-4Dejq/IiXrPlr/0xxj4H2GbC6KckwfTCoHWbd02+UoIV0laC9yke0d0KegmFdXJA712I6UCuy8WpPM76uuPJ+w==}
    peerDependencies:
      react: ^18 || ^19

  '@types/react-dom@19.1.1':
    resolution: {integrity: sha512-jFf/woGTVTjUJsl2O7hcopJ1r0upqoq/vIOoCj0yLh3RIXxWcljlpuZ+vEBRXsymD1jhfeJrlyTy/S1UW+4y1w==}
    peerDependencies:
      '@types/react': ^19.0.0

  '@types/react@19.1.0':
    resolution: {integrity: sha512-UaicktuQI+9UKyA4njtDOGBD/67t8YEBt2xdfqu8+gP9hqPUPsiXlNPcpS2gVdjmis5GKPG3fCxbQLVgxsQZ8w==}

  agent-base@7.1.3:
    resolution: {integrity: sha512-jRR5wdylq8CkOe6hei19GGZnxM6rBGwFl3Bg0YItGDimvjGtAvdZk4Pu6Cl4u4Igsws4a1fd1Vq3ezrhn4KmFw==}
    engines: {node: '>= 14'}

  ansi-colors@4.1.3:
    resolution: {integrity: sha512-/6w/C21Pm1A7aZitlI5Ni/2J6FFQN8i1Cvz3kHABAAbw93v/NlvKdVOqz7CCWz/3iv/JplRSEEZ83XION15ovw==}
    engines: {node: '>=6'}

  argparse@2.0.1:
    resolution: {integrity: sha512-8+9WqebbFzpX9OR+Wa6O29asIogeRMzcGtAINdpMHHyAg10f05aSFVBbcEqGf/PXw1EjAZ+q2/bEBg3DvurK3Q==}

  balanced-match@1.0.2:
    resolution: {integrity: sha512-3oSeUO0TMV67hN1AmbXsK4yaqU7tjiHlbxRDZOpH0KW9+CeX4bRAaX0Anxt0tx2MrpRpWwQaPwIlISEJhYU5Pw==}

  brace-expansion@2.0.1:
    resolution: {integrity: sha512-XnAIvQ8eM+kC6aULx6wuQiwVsnzsi9d3WxzV3FpWTGA19F621kwdbsAcFKXgKUHZWsy+mY6iL1sHTxWEFCytDA==}

  caniuse-lite@1.0.30001712:
    resolution: {integrity: sha512-MBqPpGYYdQ7/hfKiet9SCI+nmN5/hp4ZzveOJubl5DTAMa5oggjAuoi0Z4onBpKPFI2ePGnQuQIzF3VxDjDJig==}

  change-case@5.4.4:
    resolution: {integrity: sha512-HRQyTk2/YPEkt9TnUPbOpr64Uw3KOicFWPVBb+xiHvd6eBx/qPr9xqfBFDT8P2vWsvvz4jbEkfDe71W3VyNu2w==}

  clsx@2.1.1:
    resolution: {integrity: sha512-eYm0QWBtUrBWZWG0d386OGAw16Z995PiOVo2B7bjWSbHedGl5e0ZWaq65kOGgUSNesEIDkB9ISbTg/JK9dhCZA==}
    engines: {node: '>=6'}

  colorette@1.4.0:
    resolution: {integrity: sha512-Y2oEozpomLn7Q3HFP7dpww7AtMJplbM9lGZP6RDfHqmbeRjiwRg4n6VM6j4KLmRke85uWEI7JqF17f3pqdRA0g==}

  core-js@3.41.0:
    resolution: {integrity: sha512-SJ4/EHwS36QMJd6h/Rg+GyR4A5xE0FSI3eZ+iBVpfqf1x0eTSg1smWLHrA+2jQThZSh97fmSgFSU8B61nxosxA==}

  csstype@3.1.3:
    resolution: {integrity: sha512-M1uQkMl8rQK/szD0LNhtqxIPLpimGm8sOBwU7lLnCpSbTyY3yeU1Vc7l4KT5zT4s/yOxHH5O7tIuuLOCnLADRw==}

  daisyui@5.0.14:
    resolution: {integrity: sha512-z7F+fjjVwu9Zy0OhW53rnHDipRMYjkzRXYtXbn2hvQp2S/hIUcPGKdATzFkqZ+hwx9vJ7Td3uMVXSs84FGA2zQ==}

  debug@4.4.0:
    resolution: {integrity: sha512-6WTZ/IxCY/T6BALoZHaE4ctp9xm+Z5kY/pzYaCHRFeyVhojxlrm+46y68HA6hr0TcwEssoxNiDEUJQjfPZ/RYA==}
    engines: {node: '>=6.0'}
    peerDependencies:
      supports-color: '*'
    peerDependenciesMeta:
      supports-color:
        optional: true

  detect-libc@2.0.3:
    resolution: {integrity: sha512-bwy0MGW55bG41VqxxypOsdSdGqLwXPI/focwgTYCFMbdUiBAxLg9CFzG08sz2aqzknwiX7Hkl0bQENjg8iLByw==}
    engines: {node: '>=8'}

  enhanced-resolve@5.18.1:
    resolution: {integrity: sha512-ZSW3ma5GkcQBIpwZTSRAI8N71Uuwgs93IezB7mf7R60tC8ZbJideoDNKjHn2O9KIlx6rkGTTEk1xUCK2E1Y2Yg==}
    engines: {node: '>=10.13.0'}

  error-stack-parser@2.1.4:
    resolution: {integrity: sha512-Sk5V6wVazPhq5MhpO+AUxJn5x7XSXGl1R93Vn7i+zS15KDVxQijejNCrz8340/2bgLBjR9GtEG8ZVKONDjcqGQ==}

  es6-promise@4.2.8:
    resolution: {integrity: sha512-HJDGx5daxeIvxdBxvG2cb9g4tEvwIk3i8+nhX0yGrYmZUzbkdg8QbDevheDB8gd0//uPj4c1EQua8Q+MViT0/w==}

  fast-deep-equal@3.1.3:
    resolution: {integrity: sha512-f3qQ9oQy9j2AhBe/H9VC91wLmKBCCU/gDOnKNAYG5hswO7BLKj09Hc5HYNz9cGI++xlpDCIgDaitVs03ATR84Q==}

  graceful-fs@4.2.11:
    resolution: {integrity: sha512-RbJ5/jmFcNNCcDV5o9eTnBLJ/HszWV0P73bc+Ff4nS/rJj+YaS6IGyiOL0VoBYX+l1Wrl3k63h/KrH+nhJ0XvQ==}

  html-entities@2.6.0:
    resolution: {integrity: sha512-kig+rMn/QOVRvr7c86gQ8lWXq+Hkv6CbAH1hLu+RG338StTpE8Z0b44SDVaqVu7HGKf27frdmUYEs9hTUX/cLQ==}

  https-proxy-agent@7.0.6:
    resolution: {integrity: sha512-vK9P5/iUfdl95AI+JVyUuIcVtd4ofvtrOr3HNtM2yxC9bnMbEdp3x01OhQNnjb8IJYi38VlTE3mBXwcfvywuSw==}
    engines: {node: '>= 14'}

  index-to-position@1.0.0:
    resolution: {integrity: sha512-sCO7uaLVhRJ25vz1o8s9IFM3nVS4DkuQnyjMwiQPKvQuBYBDmb8H7zx8ki7nVh4HJQOdVWebyvLE0qt+clruxA==}
    engines: {node: '>=18'}

  jiti@2.4.2:
    resolution: {integrity: sha512-rg9zJN+G4n2nfJl5MW3BMygZX56zKPNVEYYqq7adpmMh4Jn2QNEwhvQlFy6jPVdcod7txZtKHWnyZiA3a0zP7A==}
    hasBin: true

  js-levenshtein@1.1.6:
    resolution: {integrity: sha512-X2BB11YZtrRqY4EnQcLX5Rh373zbK4alC1FW7D7MBhL2gtcC17cTnr6DmfHZeS0s2rTHjUTMMHfG7gO8SSdw+g==}
    engines: {node: '>=0.10.0'}

  js-tokens@4.0.0:
    resolution: {integrity: sha512-RdJUflcE3cUzKiMqQgsCu06FPu9UdIJO0beYbPhHN4k6apgJtifcoCtT9bcxOpYBtpD2kCM6Sbzg4CausW/PKQ==}

  js-yaml@4.1.0:
    resolution: {integrity: sha512-wpxZs9NoxZaJESJGIZTyDEaYpl0FKSA+FB9aJiyemKhMwkxQg63h4T1KJgUGHpTqPDNRcmmYLugrRjJlBtWvRA==}
    hasBin: true

  json-schema-traverse@1.0.0:
    resolution: {integrity: sha512-NM8/P9n3XjXhIZn1lLhkFaACTOURQXjWhV4BA/RnOv8xvgqtqpAX9IO4mRQxSx1Rlo4tqzeqb0sOlruaOy3dug==}

  lightningcss-darwin-arm64@1.29.2:
    resolution: {integrity: sha512-cK/eMabSViKn/PG8U/a7aCorpeKLMlK0bQeNHmdb7qUnBkNPnL+oV5DjJUo0kqWsJUapZsM4jCfYItbqBDvlcA==}
    engines: {node: '>= 12.0.0'}
    cpu: [arm64]
    os: [darwin]

  lightningcss-darwin-x64@1.29.2:
    resolution: {integrity: sha512-j5qYxamyQw4kDXX5hnnCKMf3mLlHvG44f24Qyi2965/Ycz829MYqjrVg2H8BidybHBp9kom4D7DR5VqCKDXS0w==}
    engines: {node: '>= 12.0.0'}
    cpu: [x64]
    os: [darwin]

  lightningcss-freebsd-x64@1.29.2:
    resolution: {integrity: sha512-wDk7M2tM78Ii8ek9YjnY8MjV5f5JN2qNVO+/0BAGZRvXKtQrBC4/cn4ssQIpKIPP44YXw6gFdpUF+Ps+RGsCwg==}
    engines: {node: '>= 12.0.0'}
    cpu: [x64]
    os: [freebsd]

  lightningcss-linux-arm-gnueabihf@1.29.2:
    resolution: {integrity: sha512-IRUrOrAF2Z+KExdExe3Rz7NSTuuJ2HvCGlMKoquK5pjvo2JY4Rybr+NrKnq0U0hZnx5AnGsuFHjGnNT14w26sg==}
    engines: {node: '>= 12.0.0'}
    cpu: [arm]
    os: [linux]

  lightningcss-linux-arm64-gnu@1.29.2:
    resolution: {integrity: sha512-KKCpOlmhdjvUTX/mBuaKemp0oeDIBBLFiU5Fnqxh1/DZ4JPZi4evEH7TKoSBFOSOV3J7iEmmBaw/8dpiUvRKlQ==}
    engines: {node: '>= 12.0.0'}
    cpu: [arm64]
    os: [linux]

  lightningcss-linux-arm64-musl@1.29.2:
    resolution: {integrity: sha512-Q64eM1bPlOOUgxFmoPUefqzY1yV3ctFPE6d/Vt7WzLW4rKTv7MyYNky+FWxRpLkNASTnKQUaiMJ87zNODIrrKQ==}
    engines: {node: '>= 12.0.0'}
    cpu: [arm64]
    os: [linux]

  lightningcss-linux-x64-gnu@1.29.2:
    resolution: {integrity: sha512-0v6idDCPG6epLXtBH/RPkHvYx74CVziHo6TMYga8O2EiQApnUPZsbR9nFNrg2cgBzk1AYqEd95TlrsL7nYABQg==}
    engines: {node: '>= 12.0.0'}
    cpu: [x64]
    os: [linux]

  lightningcss-linux-x64-musl@1.29.2:
    resolution: {integrity: sha512-rMpz2yawkgGT8RULc5S4WiZopVMOFWjiItBT7aSfDX4NQav6M44rhn5hjtkKzB+wMTRlLLqxkeYEtQ3dd9696w==}
    engines: {node: '>= 12.0.0'}
    cpu: [x64]
    os: [linux]

  lightningcss-win32-arm64-msvc@1.29.2:
    resolution: {integrity: sha512-nL7zRW6evGQqYVu/bKGK+zShyz8OVzsCotFgc7judbt6wnB2KbiKKJwBE4SGoDBQ1O94RjW4asrCjQL4i8Fhbw==}
    engines: {node: '>= 12.0.0'}
    cpu: [arm64]
    os: [win32]

  lightningcss-win32-x64-msvc@1.29.2:
    resolution: {integrity: sha512-EdIUW3B2vLuHmv7urfzMI/h2fmlnOQBk1xlsDxkN1tCWKjNFjfLhGxYk8C8mzpSfr+A6jFFIi8fU6LbQGsRWjA==}
    engines: {node: '>= 12.0.0'}
    cpu: [x64]
    os: [win32]

  lightningcss@1.29.2:
    resolution: {integrity: sha512-6b6gd/RUXKaw5keVdSEtqFVdzWnU5jMxTUjA2bVcMNPLwSQ08Sv/UodBVtETLCn7k4S1Ibxwh7k68IwLZPgKaA==}
    engines: {node: '>= 12.0.0'}

  minimatch@5.1.6:
    resolution: {integrity: sha512-lKwV/1brpG6mBUFHtb7NUmtABCb2WZZmm2wNiOA5hAb8VdCS4B3dtMWyvcoViccwAW/COERjXLt0zP1zXUN26g==}
    engines: {node: '>=10'}

  mpegts.js@1.8.0:
    resolution: {integrity: sha512-ZtujqtmTjWgcDDkoOnLvrOKUTO/MKgLHM432zGDI8oPaJ0S+ebPxg1nEpDpLw6I7KmV/GZgUIrfbWi3qqEircg==}

  ms@2.1.3:
    resolution: {integrity: sha512-6FlzubTLZG3J2a/NVCAleEhjzq5oxgHyaCU9yYXvcLsvoVaHJq/s5xXI6/XXP6tz7R9xAOtHnSO/tXtF3WRTlA==}

  nanoid@3.3.11:
    resolution: {integrity: sha512-N8SpfPUnUp1bK+PMYW8qSWdl9U+wwNWI4QKxOYDy9JAro3WMX7p2OeVRF9v+347pnakNevPmiHhNmZ2HbFA76w==}
    engines: {node: ^10 || ^12 || ^13.7 || ^14 || >=15.0.1}
    hasBin: true

  openapi-fetch@0.13.5:
    resolution: {integrity: sha512-AQK8T9GSKFREFlN1DBXTYsLjs7YV2tZcJ7zUWxbjMoQmj8dDSFRrzhLCbHPZWA1TMV3vACqfCxLEZcwf2wxV6Q==}

  openapi-react-query@0.3.1:
    resolution: {integrity: sha512-1R3NunDpf6koap0pF4AiUO5Asw4o3GmKrer6r8+2kvfLTxgHNm9vm7F0grZUcKG1tfc9qKrGa5NSvoMqa79DMg==}
    peerDependencies:
      '@tanstack/react-query': ^5.25.0
      openapi-fetch: ^0.13.5

  openapi-typescript-helpers@0.0.15:
    resolution: {integrity: sha512-opyTPaunsklCBpTK8JGef6mfPhLSnyy5a0IN9vKtx3+4aExf+KxEqYwIy3hqkedXIB97u357uLMJsOnm3GVjsw==}

  openapi-typescript@7.6.1:
    resolution: {integrity: sha512-F7RXEeo/heF3O9lOXo2bNjCOtfp7u+D6W3a3VNEH2xE6v+fxLtn5nq0uvUcA1F5aT+CMhNeC5Uqtg5tlXFX/ag==}
    hasBin: true
    peerDependencies:
      typescript: ^5.x

  parse-json@8.2.0:
    resolution: {integrity: sha512-eONBZy4hm2AgxjNFd8a4nyDJnzUAH0g34xSQAwWEVGCjdZ4ZL7dKZBfq267GWP/JaS9zW62Xs2FeAdDvpHHJGQ==}
    engines: {node: '>=18'}

  picocolors@1.1.1:
    resolution: {integrity: sha512-xceH2snhtb5M9liqDsmEw56le376mTZkEX/jEb/RxNFyegNul7eNslCXP9FDj/Lcu0X8KEyMceP2ntpaHrDEVA==}

  pluralize@8.0.0:
    resolution: {integrity: sha512-Nc3IT5yHzflTfbjgqWcCPpo7DaKy4FnpB0l/zCAW0Tc7jxAiuqSxHasntB3D7887LSrA93kDJ9IXovxJYxyLCA==}
    engines: {node: '>=4'}

  postcss@8.5.3:
    resolution: {integrity: sha512-dle9A3yYxlBSrt8Fu+IpjGT8SY8hN0mlaA6GY8t0P5PjIOZemULz/E2Bnm/2dcUOena75OTNkHI76uZBNUUq3A==}
    engines: {node: ^10 || ^12 || >=14}

  react-dom@19.1.0:
    resolution: {integrity: sha512-Xs1hdnE+DyKgeHJeJznQmYMIBG3TKIHJJT95Q58nHLSrElKlGQqDTR2HQ9fx5CN/Gk6Vh/kupBTDLU11/nDk/g==}
    peerDependencies:
      react: ^19.1.0

  react-refresh@0.16.0:
    resolution: {integrity: sha512-FPvF2XxTSikpJxcr+bHut2H4gJ17+18Uy20D5/F+SKzFap62R3cM5wH6b8WN3LyGSYeQilLEcJcR1fjBSI2S1A==}
    engines: {node: '>=0.10.0'}

  react@19.1.0:
    resolution: {integrity: sha512-FS+XFBNvn3GTAWq26joslQgWNoFu08F4kl0J4CgdNKADkdSGXQyTCnKteIAJy96Br6YbpEU1LSzV5dYtjMkMDg==}
    engines: {node: '>=0.10.0'}

  require-from-string@2.0.2:
    resolution: {integrity: sha512-Xf0nWe6RseziFMu+Ap9biiUbmplq6S9/p+7w7YXP/JBHhrUDDUhwa+vANyubuqfZWTveU//DYVGsDG7RKL/vEw==}
    engines: {node: '>=0.10.0'}

  scheduler@0.26.0:
    resolution: {integrity: sha512-NlHwttCI/l5gCPR3D1nNXtWABUmBwvZpEQiD4IXSbIDq8BzLIK/7Ir5gTFSGZDUu37K5cMNp0hFtzO38sC7gWA==}

  source-map-js@1.2.1:
    resolution: {integrity: sha512-UXWMKhLOwVKb728IUtQPXxfYU+usdybtUrK/8uGE8CQMvrhOpwvzDBwj0QhSL7MQc7vIsISBG8VQ8+IDQxpfQA==}
    engines: {node: '>=0.10.0'}

  stackframe@1.3.4:
    resolution: {integrity: sha512-oeVtt7eWQS+Na6F//S4kJ2K2VbRlS9D43mAlMyVpVWovy9o+jfgH8O9agzANzaiLjclA0oYzUXEM4PurhSUChw==}

  supports-color@9.4.0:
    resolution: {integrity: sha512-VL+lNrEoIXww1coLPOmiEmK/0sGigko5COxI09KzHc2VJXJsQ37UaQ+8quuxjDeA7+KnLGTWRyOXSLLR2Wb4jw==}
    engines: {node: '>=12'}

  tailwindcss@4.1.3:
    resolution: {integrity: sha512-2Q+rw9vy1WFXu5cIxlvsabCwhU2qUwodGq03ODhLJ0jW4ek5BUtoCsnLB0qG+m8AHgEsSJcJGDSDe06FXlP74g==}

  tapable@2.2.1:
    resolution: {integrity: sha512-GNzQvQTOIP6RyTfE2Qxb8ZVlNmw0n88vp1szwWRimP02mnTsx3Wtn5qRdqY9w2XduFNUgvOwhNnQsjwCp+kqaQ==}
    engines: {node: '>=6'}

  tinypool@1.0.2:
    resolution: {integrity: sha512-al6n+QEANGFOMf/dmUMsuS5/r9B06uwlyNjZZql/zv8J7ybHCgoihBNORZCY2mzUuAnomQa2JdhyHKzZxPCrFA==}
    engines: {node: ^18.0.0 || >=20.0.0}

  tslib@2.8.1:
    resolution: {integrity: sha512-oJFu94HQb+KVduSUQL7wnpmqnfmLsOA/nAh6b6EH0wCEoK0/mPeXU6c3wKDV83MkOuHPRHtSXKKU99IBazS/2w==}

  type-fest@4.39.1:
    resolution: {integrity: sha512-uW9qzd66uyHYxwyVBYiwS4Oi0qZyUqwjU+Oevr6ZogYiXt99EOYtwvzMSLw1c3lYo2HzJsep/NB23iEVEgjG/w==}
    engines: {node: '>=16'}

  typescript@5.8.3:
    resolution: {integrity: sha512-p1diW6TqL9L07nNxvRMM7hMMw4c5XOo/1ibL4aAIGmSAt9slTE1Xgw5KWuof2uTOvCg9BY7ZRi+GaF+7sfgPeQ==}
    engines: {node: '>=14.17'}
    hasBin: true

  uri-js-replace@1.0.1:
    resolution: {integrity: sha512-W+C9NWNLFOoBI2QWDp4UT9pv65r2w5Cx+3sTYFvtMdDBxkKt1syCqsUdSFAChbEe1uK5TfS04wt/nGwmaeIQ0g==}

  webworkify-webpack@https://codeload.github.com/xqq/webworkify-webpack/tar.gz/24d1e719b4a6cac37a518b2bb10fe124527ef4ef:
    resolution: {tarball: https://codeload.github.com/xqq/webworkify-webpack/tar.gz/24d1e719b4a6cac37a518b2bb10fe124527ef4ef}
    version: 2.1.5

  yaml-ast-parser@0.0.43:
    resolution: {integrity: sha512-2PTINUwsRqSd+s8XxKaJWQlUuEMHJQyEuh2edBbW8KNJz0SJPwUSD2zRWqezFEdN7IzAgeuYHFUCF7o8zRdZ0A==}

  yargs-parser@21.1.1:
    resolution: {integrity: sha512-tVpsJW7DdjecAiFpbIB1e3qxIQsE6NoPc5/eTdrbbIC4h0LVsWhnoa3g+m2HclBIujHzsxZ4VJVA+GUuc2/LBw==}
    engines: {node: '>=12'}

snapshots:

  '@alloc/quick-lru@5.2.0': {}

  '@babel/code-frame@7.26.2':
    dependencies:
      '@babel/helper-validator-identifier': 7.25.9
      js-tokens: 4.0.0
      picocolors: 1.1.1

  '@babel/helper-validator-identifier@7.25.9': {}

  '@biomejs/biome@2.0.0-beta.1':
    optionalDependencies:
      '@biomejs/cli-darwin-arm64': 2.0.0-beta.1
      '@biomejs/cli-darwin-x64': 2.0.0-beta.1
      '@biomejs/cli-linux-arm64': 2.0.0-beta.1
      '@biomejs/cli-linux-arm64-musl': 2.0.0-beta.1
      '@biomejs/cli-linux-x64': 2.0.0-beta.1
      '@biomejs/cli-linux-x64-musl': 2.0.0-beta.1
      '@biomejs/cli-win32-arm64': 2.0.0-beta.1
      '@biomejs/cli-win32-x64': 2.0.0-beta.1

  '@biomejs/cli-darwin-arm64@2.0.0-beta.1':
    optional: true

  '@biomejs/cli-darwin-x64@2.0.0-beta.1':
    optional: true

  '@biomejs/cli-linux-arm64-musl@2.0.0-beta.1':
    optional: true

  '@biomejs/cli-linux-arm64@2.0.0-beta.1':
    optional: true

  '@biomejs/cli-linux-x64-musl@2.0.0-beta.1':
    optional: true

  '@biomejs/cli-linux-x64@2.0.0-beta.1':
    optional: true

  '@biomejs/cli-win32-arm64@2.0.0-beta.1':
    optional: true

  '@biomejs/cli-win32-x64@2.0.0-beta.1':
    optional: true

  '@heroicons/react@2.2.0(react@19.1.0)':
    dependencies:
      react: 19.1.0

  '@module-federation/error-codes@0.11.2': {}

  '@module-federation/runtime-core@0.11.2':
    dependencies:
      '@module-federation/error-codes': 0.11.2
      '@module-federation/sdk': 0.11.2

  '@module-federation/runtime-tools@0.11.2':
    dependencies:
      '@module-federation/runtime': 0.11.2
      '@module-federation/webpack-bundler-runtime': 0.11.2

  '@module-federation/runtime@0.11.2':
    dependencies:
      '@module-federation/error-codes': 0.11.2
      '@module-federation/runtime-core': 0.11.2
      '@module-federation/sdk': 0.11.2

  '@module-federation/sdk@0.11.2': {}

  '@module-federation/webpack-bundler-runtime@0.11.2':
    dependencies:
      '@module-federation/runtime': 0.11.2
      '@module-federation/sdk': 0.11.2

  '@redocly/ajv@8.11.2':
    dependencies:
      fast-deep-equal: 3.1.3
      json-schema-traverse: 1.0.0
      require-from-string: 2.0.2
      uri-js-replace: 1.0.1

  '@redocly/config@0.22.2': {}

  '@redocly/openapi-core@1.34.1(supports-color@9.4.0)':
    dependencies:
      '@redocly/ajv': 8.11.2
      '@redocly/config': 0.22.2
      colorette: 1.4.0
      https-proxy-agent: 7.0.6(supports-color@9.4.0)
      js-levenshtein: 1.1.6
      js-yaml: 4.1.0
      minimatch: 5.1.6
      pluralize: 8.0.0
      yaml-ast-parser: 0.0.43
    transitivePeerDependencies:
      - supports-color

  '@rsbuild/core@1.3.4':
    dependencies:
      '@rspack/core': 1.3.2(@swc/helpers@0.5.15)
      '@rspack/lite-tapable': 1.0.1
      '@swc/helpers': 0.5.15
      core-js: 3.41.0
      jiti: 2.4.2
    transitivePeerDependencies:
      - '@rspack/tracing'

  '@rsbuild/plugin-react@1.1.1(@rsbuild/core@1.3.4)':
    dependencies:
      '@rsbuild/core': 1.3.4
      '@rspack/plugin-react-refresh': 1.0.3(react-refresh@0.16.0)
      react-refresh: 0.16.0
    transitivePeerDependencies:
      - webpack-hot-middleware

  '@rspack/binding-darwin-arm64@1.3.2':
    optional: true

  '@rspack/binding-darwin-x64@1.3.2':
    optional: true

  '@rspack/binding-linux-arm64-gnu@1.3.2':
    optional: true

  '@rspack/binding-linux-arm64-musl@1.3.2':
    optional: true

  '@rspack/binding-linux-x64-gnu@1.3.2':
    optional: true

  '@rspack/binding-linux-x64-musl@1.3.2':
    optional: true

  '@rspack/binding-win32-arm64-msvc@1.3.2':
    optional: true

  '@rspack/binding-win32-ia32-msvc@1.3.2':
    optional: true

  '@rspack/binding-win32-x64-msvc@1.3.2':
    optional: true

  '@rspack/binding@1.3.2':
    optionalDependencies:
      '@rspack/binding-darwin-arm64': 1.3.2
      '@rspack/binding-darwin-x64': 1.3.2
      '@rspack/binding-linux-arm64-gnu': 1.3.2
      '@rspack/binding-linux-arm64-musl': 1.3.2
      '@rspack/binding-linux-x64-gnu': 1.3.2
      '@rspack/binding-linux-x64-musl': 1.3.2
      '@rspack/binding-win32-arm64-msvc': 1.3.2
      '@rspack/binding-win32-ia32-msvc': 1.3.2
      '@rspack/binding-win32-x64-msvc': 1.3.2

  '@rspack/core@1.3.2(@swc/helpers@0.5.15)':
    dependencies:
      '@module-federation/runtime-tools': 0.11.2
      '@rspack/binding': 1.3.2
      '@rspack/lite-tapable': 1.0.1
      caniuse-lite: 1.0.30001712
      tinypool: 1.0.2
    optionalDependencies:
      '@swc/helpers': 0.5.15

  '@rspack/lite-tapable@1.0.1': {}

  '@rspack/plugin-react-refresh@1.0.3(react-refresh@0.16.0)':
    dependencies:
      error-stack-parser: 2.1.4
      html-entities: 2.6.0
      react-refresh: 0.16.0

  '@swc/helpers@0.5.15':
    dependencies:
      tslib: 2.8.1

  '@tailwindcss/node@4.1.3':
    dependencies:
      enhanced-resolve: 5.18.1
      jiti: 2.4.2
      lightningcss: 1.29.2
      tailwindcss: 4.1.3

  '@tailwindcss/oxide-android-arm64@4.1.3':
    optional: true

  '@tailwindcss/oxide-darwin-arm64@4.1.3':
    optional: true

  '@tailwindcss/oxide-darwin-x64@4.1.3':
    optional: true

  '@tailwindcss/oxide-freebsd-x64@4.1.3':
    optional: true

  '@tailwindcss/oxide-linux-arm-gnueabihf@4.1.3':
    optional: true

  '@tailwindcss/oxide-linux-arm64-gnu@4.1.3':
    optional: true

  '@tailwindcss/oxide-linux-arm64-musl@4.1.3':
    optional: true

  '@tailwindcss/oxide-linux-x64-gnu@4.1.3':
    optional: true

  '@tailwindcss/oxide-linux-x64-musl@4.1.3':
    optional: true

  '@tailwindcss/oxide-win32-arm64-msvc@4.1.3':
    optional: true

  '@tailwindcss/oxide-win32-x64-msvc@4.1.3':
    optional: true

  '@tailwindcss/oxide@4.1.3':
    optionalDependencies:
      '@tailwindcss/oxide-android-arm64': 4.1.3
      '@tailwindcss/oxide-darwin-arm64': 4.1.3
      '@tailwindcss/oxide-darwin-x64': 4.1.3
      '@tailwindcss/oxide-freebsd-x64': 4.1.3
      '@tailwindcss/oxide-linux-arm-gnueabihf': 4.1.3
      '@tailwindcss/oxide-linux-arm64-gnu': 4.1.3
      '@tailwindcss/oxide-linux-arm64-musl': 4.1.3
      '@tailwindcss/oxide-linux-x64-gnu': 4.1.3
      '@tailwindcss/oxide-linux-x64-musl': 4.1.3
      '@tailwindcss/oxide-win32-arm64-msvc': 4.1.3
      '@tailwindcss/oxide-win32-x64-msvc': 4.1.3

  '@tailwindcss/postcss@4.1.3':
    dependencies:
      '@alloc/quick-lru': 5.2.0
      '@tailwindcss/node': 4.1.3
      '@tailwindcss/oxide': 4.1.3
      postcss: 8.5.3
      tailwindcss: 4.1.3

  '@tanstack/query-core@5.72.0': {}

  '@tanstack/react-query@5.72.0(react@19.1.0)':
    dependencies:
      '@tanstack/query-core': 5.72.0
      react: 19.1.0

  '@types/react-dom@19.1.1(@types/react@19.1.0)':
    dependencies:
      '@types/react': 19.1.0

  '@types/react@19.1.0':
    dependencies:
      csstype: 3.1.3

  agent-base@7.1.3: {}

  ansi-colors@4.1.3: {}

  argparse@2.0.1: {}

  balanced-match@1.0.2: {}

  brace-expansion@2.0.1:
    dependencies:
      balanced-match: 1.0.2

  caniuse-lite@1.0.30001712: {}

  change-case@5.4.4: {}

  clsx@2.1.1: {}

  colorette@1.4.0: {}

  core-js@3.41.0: {}

  csstype@3.1.3: {}

  daisyui@5.0.14: {}

  debug@4.4.0(supports-color@9.4.0):
    dependencies:
      ms: 2.1.3
    optionalDependencies:
      supports-color: 9.4.0

  detect-libc@2.0.3: {}

  enhanced-resolve@5.18.1:
    dependencies:
      graceful-fs: 4.2.11
      tapable: 2.2.1

  error-stack-parser@2.1.4:
    dependencies:
      stackframe: 1.3.4

  es6-promise@4.2.8: {}

  fast-deep-equal@3.1.3: {}

  graceful-fs@4.2.11: {}

  html-entities@2.6.0: {}

  https-proxy-agent@7.0.6(supports-color@9.4.0):
    dependencies:
      agent-base: 7.1.3
      debug: 4.4.0(supports-color@9.4.0)
    transitivePeerDependencies:
      - supports-color

  index-to-position@1.0.0: {}

  jiti@2.4.2: {}

  js-levenshtein@1.1.6: {}

  js-tokens@4.0.0: {}

  js-yaml@4.1.0:
    dependencies:
      argparse: 2.0.1

  json-schema-traverse@1.0.0: {}

  lightningcss-darwin-arm64@1.29.2:
    optional: true

  lightningcss-darwin-x64@1.29.2:
    optional: true

  lightningcss-freebsd-x64@1.29.2:
    optional: true

  lightningcss-linux-arm-gnueabihf@1.29.2:
    optional: true

  lightningcss-linux-arm64-gnu@1.29.2:
    optional: true

  lightningcss-linux-arm64-musl@1.29.2:
    optional: true

  lightningcss-linux-x64-gnu@1.29.2:
    optional: true

  lightningcss-linux-x64-musl@1.29.2:
    optional: true

  lightningcss-win32-arm64-msvc@1.29.2:
    optional: true

  lightningcss-win32-x64-msvc@1.29.2:
    optional: true

  lightningcss@1.29.2:
    dependencies:
      detect-libc: 2.0.3
    optionalDependencies:
      lightningcss-darwin-arm64: 1.29.2
      lightningcss-darwin-x64: 1.29.2
      lightningcss-freebsd-x64: 1.29.2
      lightningcss-linux-arm-gnueabihf: 1.29.2
      lightningcss-linux-arm64-gnu: 1.29.2
      lightningcss-linux-arm64-musl: 1.29.2
      lightningcss-linux-x64-gnu: 1.29.2
      lightningcss-linux-x64-musl: 1.29.2
      lightningcss-win32-arm64-msvc: 1.29.2
      lightningcss-win32-x64-msvc: 1.29.2

  minimatch@5.1.6:
    dependencies:
      brace-expansion: 2.0.1

  mpegts.js@1.8.0:
    dependencies:
      es6-promise: 4.2.8
      webworkify-webpack: https://codeload.github.com/xqq/webworkify-webpack/tar.gz/24d1e719b4a6cac37a518b2bb10fe124527ef4ef

  ms@2.1.3: {}

  nanoid@3.3.11: {}

  openapi-fetch@0.13.5:
    dependencies:
      openapi-typescript-helpers: 0.0.15

  openapi-react-query@0.3.1(@tanstack/react-query@5.72.0(react@19.1.0))(openapi-fetch@0.13.5):
    dependencies:
      '@tanstack/react-query': 5.72.0(react@19.1.0)
      openapi-fetch: 0.13.5
      openapi-typescript-helpers: 0.0.15

  openapi-typescript-helpers@0.0.15: {}

  openapi-typescript@7.6.1(typescript@5.8.3):
    dependencies:
      '@redocly/openapi-core': 1.34.1(supports-color@9.4.0)
      ansi-colors: 4.1.3
      change-case: 5.4.4
      parse-json: 8.2.0
      supports-color: 9.4.0
      typescript: 5.8.3
      yargs-parser: 21.1.1

  parse-json@8.2.0:
    dependencies:
      '@babel/code-frame': 7.26.2
      index-to-position: 1.0.0
      type-fest: 4.39.1

  picocolors@1.1.1: {}

  pluralize@8.0.0: {}

  postcss@8.5.3:
    dependencies:
      nanoid: 3.3.11
      picocolors: 1.1.1
      source-map-js: 1.2.1

  react-dom@19.1.0(react@19.1.0):
    dependencies:
      react: 19.1.0
      scheduler: 0.26.0

  react-refresh@0.16.0: {}

  react@19.1.0: {}

  require-from-string@2.0.2: {}

  scheduler@0.26.0: {}

  source-map-js@1.2.1: {}

  stackframe@1.3.4: {}

  supports-color@9.4.0: {}

  tailwindcss@4.1.3: {}

  tapable@2.2.1: {}

  tinypool@1.0.2: {}

  tslib@2.8.1: {}

  type-fest@4.39.1: {}

  typescript@5.8.3: {}

  uri-js-replace@1.0.1: {}

  webworkify-webpack@https://codeload.github.com/xqq/webworkify-webpack/tar.gz/24d1e719b4a6cac37a518b2bb10fe124527ef4ef: {}

  yaml-ast-parser@0.0.43: {}

  yargs-parser@21.1.1: {}
